
Microsoft Visual Studio Solution File, Format Version 12.00
# Visual Studio Version 17
VisualStudioVersion = 17.4.33403.182
MinimumVisualStudioVersion = 10.0.40219.1
Project("{FAE04EC0-301F-11D3-BF4B-00C04F79EFBC}") = "WebApp_OOPConcepts", "WebApp_OOPConcepts\WebApp_OOPConcepts.csproj", "{8CFAABDC-BBF0-4FE0-B8B4-E3CA558EC465}"
EndProject
Global
	GlobalSection(SolutionConfigurationPlatforms) = preSolution
		Debug|Any CPU = Debug|Any CPU
		Release|Any CPU = Release|Any CPU
	EndGlobalSection
	GlobalSection(ProjectConfigurationPlatforms) = postSolution
		{8CFAABDC-BBF0-4FE0-B8B4-E3CA558EC465}.Debug|Any CPU.ActiveCfg = Debug|Any CPU
		{8CFAABDC-BBF0-4FE0-B8B4-E3CA558EC465}.Debug|Any CPU.Build.0 = Debug|Any CPU
		{8CFAABDC-BBF0-4FE0-B8B4-E3CA558EC465}.Release|Any CPU.ActiveCfg = Release|Any CPU
		{8CFAABDC-BBF0-4FE0-B8B4-E3CA558EC465}.Release|Any CPU.Build.0 = Release|Any CPU
	EndGlobalSection
	GlobalSection(SolutionProperties) = preSolution
		HideSolutionNode = FALSE
	EndGlobalSection
	GlobalSection(ExtensibilityGlobals) = postSolution
		SolutionGuid = {671C4490-FF1E-4ADC-A29C-A017BFA2DF81}
	EndGlobalSection
EndGlobal
